PODS:
  - Flutter (1.0.0)
  - imgly_camera (1.66.0):
    - Flutter
    - IMGLYCamera (= 1.66.0)
  - imgly_editor (1.66.0):
    - Flutter
    - IMGLYUI (= 1.66.0)
  - IMGLYApparelEditor (1.66.0):
    - IMGLYEditor (= 1.66.0)
  - IMGLYCamera (1.66.0):
    - IMGLYCoreUI (= 1.66.0)
  - IMGLYCore (1.66.0):
    - IMGLYEngine (= 1.66.0)
  - IMGLYCoreUI (1.66.0):
    - IMGLYCore (= 1.66.0)
    - Kingfisher (>= 7.10.0)
    - SwiftUIIntrospect (~> 1.1.2)
  - IMGLYDesignEditor (1.66.0):
    - IMGLYEditor (= 1.66.0)
  - IMGLYEditor (1.66.0):
    - IMGLYCamera (= 1.66.0)
  - IMGLYEngine (1.66.0)
  - IMGLYPhotoEditor (1.66.0):
    - IMGLYEditor (= 1.66.0)
  - IMGLYPostcardEditor (1.66.0):
    - IMGLYEditor (= 1.66.0)
  - IMGLYUI (1.66.0):
    - IMGLYUI/All (= 1.66.0)
  - IMGLYUI/All (1.66.0):
    - IMGLYUI/ApparelEditor
    - IMGLYUI/Camera
    - IMGLYUI/Core
    - IMGLYUI/CoreUI
    - IMGLYUI/DesignEditor
    - IMGLYUI/Editor
    - IMGLYUI/PhotoEditor
    - IMGLYUI/PostcardEditor
    - IMGLYUI/VideoEditor
  - IMGLYUI/ApparelEditor (1.66.0):
    - IMGLYApparelEditor (= 1.66.0)
  - IMGLYUI/Camera (1.66.0):
    - IMGLYCamera (= 1.66.0)
  - IMGLYUI/Core (1.66.0):
    - IMGLYCore (= 1.66.0)
  - IMGLYUI/CoreUI (1.66.0):
    - IMGLYCoreUI (= 1.66.0)
  - IMGLYUI/DesignEditor (1.66.0):
    - IMGLYDesignEditor (= 1.66.0)
  - IMGLYUI/Editor (1.66.0):
    - IMGLYEditor (= 1.66.0)
  - IMGLYUI/PhotoEditor (1.66.0):
    - IMGLYPhotoEditor (= 1.66.0)
  - IMGLYUI/PostcardEditor (1.66.0):
    - IMGLYPostcardEditor (= 1.66.0)
  - IMGLYUI/VideoEditor (1.66.0):
    - IMGLYVideoEditor (= 1.66.0)
  - IMGLYVideoEditor (1.66.0):
    - IMGLYEditor (= 1.66.0)
  - integration_test (0.0.1):
    - Flutter
  - Kingfisher (8.6.2)
  - SwiftUIIntrospect (1.1.4)

DEPENDENCIES:
  - Flutter (from `Flutter`)
  - imgly_camera (from `.symlinks/plugins/imgly_camera/ios`)
  - imgly_editor (from `.symlinks/plugins/imgly_editor/ios`)
  - integration_test (from `.symlinks/plugins/integration_test/ios`)

SPEC REPOS:
  trunk:
    - IMGLYApparelEditor
    - IMGLYCamera
    - IMGLYCore
    - IMGLYCoreUI
    - IMGLYDesignEditor
    - IMGLYEditor
    - IMGLYEngine
    - IMGLYPhotoEditor
    - IMGLYPostcardEditor
    - IMGLYUI
    - IMGLYVideoEditor
    - Kingfisher
    - SwiftUIIntrospect

EXTERNAL SOURCES:
  Flutter:
    :path: Flutter
  imgly_camera:
    :path: ".symlinks/plugins/imgly_camera/ios"
  imgly_editor:
    :path: ".symlinks/plugins/imgly_editor/ios"
  integration_test:
    :path: ".symlinks/plugins/integration_test/ios"

SPEC CHECKSUMS:
  Flutter: cabc95a1d2626b1b06e7179b784ebcf0c0cde467
  imgly_camera: 3acfaf8a45de2493f47662a6b0d1565340507f6d
  imgly_editor: 900769d6fc4097a447fb209f7fc8787f3cceb673
  IMGLYApparelEditor: ebecc209b26f581db97e91e61fe5e533bedffa40
  IMGLYCamera: ca19e456be6817c4417fa59155467071914bc0bc
  IMGLYCore: 6594422fe1d19b2d8fef17e4ceba684df67484c4
  IMGLYCoreUI: b20c1a82c06328a71190e02c34e57a30d0a2ac35
  IMGLYDesignEditor: 61220c4ca8c829972e4cab4c457d45a956b3d806
  IMGLYEditor: 281320993f0d4bab8301b2facd3293b4dc37550a
  IMGLYEngine: f6ba6f73cbc04d13a192168fa88d12dd52ca842b
  IMGLYPhotoEditor: ed1395b9d72f8f07431e5a2870115a89e6bb905c
  IMGLYPostcardEditor: 07eb5388e1842ed3fff6a8fe72289b631aa3c5f5
  IMGLYUI: 0fdc5be2fcba47fdbdf18cb2b659aebcf16a66d3
  IMGLYVideoEditor: 8ab36442ad35f95a4f529371032e2961f79faa9a
  integration_test: 4a889634ef21a45d28d50d622cf412dc6d9f586e
  Kingfisher: 23d18f54677d973b713e54ce6a8f5eef6e7056ba
  SwiftUIIntrospect: 434b406dc6f5e30744bb6e180f90343f6a8eba8c

PODFILE CHECKSUM: 333aa4f75bcc8ae568c13247f795ffda8a6fa023

COCOAPODS: 1.16.2
