PODS:
  - Flutter (1.0.0)
  - imgly_camera (1.58.0):
    - Flutter
    - IMGLYCamera (= 1.58.0)
  - imgly_editor (1.58.0):
    - Flutter
    - IMGLYUI (= 1.58.0)
  - IMGLYApparelEditor (1.58.0):
    - IMGLYEditor (= 1.58.0)
  - IMGLYCamera (1.58.0):
    - IMGLYCoreUI (= 1.58.0)
  - IMGLYCore (1.58.0):
    - IMGLYEngine (= 1.58.0)
  - IMGLYCoreUI (1.58.0):
    - IMGLYCore (= 1.58.0)
    - Kingfisher (>= 7.10.0)
    - SwiftUIIntrospect (~> 1.1.2)
  - IMGLYDesignEditor (1.58.0):
    - IMGLYEditor (= 1.58.0)
  - IMGLYEditor (1.58.0):
    - IMGLYCamera (= 1.58.0)
  - IMGLYEngine (1.58.0)
  - IMGLYPhotoEditor (1.58.0):
    - IMGLYEditor (= 1.58.0)
  - IMGLYPostcardEditor (1.58.0):
    - IMGLYEditor (= 1.58.0)
  - IMGLYUI (1.58.0):
    - IMGLYUI/All (= 1.58.0)
  - IMGLYUI/All (1.58.0):
    - IMGLYUI/ApparelEditor
    - IMGLYUI/Camera
    - IMGLYUI/Core
    - IMGLYUI/CoreUI
    - IMGLYUI/DesignEditor
    - IMGLYUI/Editor
    - IMGLYUI/PhotoEditor
    - IMGLYUI/PostcardEditor
    - IMGLYUI/VideoEditor
  - IMGLYUI/ApparelEditor (1.58.0):
    - IMGLYApparelEditor (= 1.58.0)
  - IMGLYUI/Camera (1.58.0):
    - IMGLYCamera (= 1.58.0)
  - IMGLYUI/Core (1.58.0):
    - IMGLYCore (= 1.58.0)
  - IMGLYUI/CoreUI (1.58.0):
    - IMGLYCoreUI (= 1.58.0)
  - IMGLYUI/DesignEditor (1.58.0):
    - IMGLYDesignEditor (= 1.58.0)
  - IMGLYUI/Editor (1.58.0):
    - IMGLYEditor (= 1.58.0)
  - IMGLYUI/PhotoEditor (1.58.0):
    - IMGLYPhotoEditor (= 1.58.0)
  - IMGLYUI/PostcardEditor (1.58.0):
    - IMGLYPostcardEditor (= 1.58.0)
  - IMGLYUI/VideoEditor (1.58.0):
    - IMGLYVideoEditor (= 1.58.0)
  - IMGLYVideoEditor (1.58.0):
    - IMGLYEditor (= 1.58.0)
  - integration_test (0.0.1):
    - Flutter
  - Kingfisher (8.5.0)
  - SwiftUIIntrospect (1.1.4)

DEPENDENCIES:
  - Flutter (from `Flutter`)
  - imgly_camera (from `.symlinks/plugins/imgly_camera/ios`)
  - imgly_editor (from `.symlinks/plugins/imgly_editor/ios`)
  - integration_test (from `.symlinks/plugins/integration_test/ios`)

SPEC REPOS:
  trunk:
    - IMGLYApparelEditor
    - IMGLYCamera
    - IMGLYCore
    - IMGLYCoreUI
    - IMGLYDesignEditor
    - IMGLYEditor
    - IMGLYEngine
    - IMGLYPhotoEditor
    - IMGLYPostcardEditor
    - IMGLYUI
    - IMGLYVideoEditor
    - Kingfisher
    - SwiftUIIntrospect

EXTERNAL SOURCES:
  Flutter:
    :path: Flutter
  imgly_camera:
    :path: ".symlinks/plugins/imgly_camera/ios"
  imgly_editor:
    :path: ".symlinks/plugins/imgly_editor/ios"
  integration_test:
    :path: ".symlinks/plugins/integration_test/ios"

SPEC CHECKSUMS:
  Flutter: e0871f40cf51350855a761d2e70bf5af5b9b5de7
  imgly_camera: eeb41f69bf8a131b2fafc4bcaebbdfd0410616cb
  imgly_editor: c387e835971bfcca585b88f29eb059b95446b07f
  IMGLYApparelEditor: f173d4fbf246dc4d348fdbc1665e5df78038c546
  IMGLYCamera: 00c6cbe2d2e540bb37e11ee0e5ca64eafa5514fd
  IMGLYCore: 7838215c385a5f5cb2b2d932c6be416626c80658
  IMGLYCoreUI: f25be5ef562d197f9fcbd50314562559f55ed19d
  IMGLYDesignEditor: 13402c3104ac885ae97d40e25da656507ef61d6b
  IMGLYEditor: 90e2df3cab5786653bed9ceeb151fb73ade30f7c
  IMGLYEngine: 1e057e30ca9714273fb547f1beddf02a7a8cf537
  IMGLYPhotoEditor: 9b12fe8c8183a9dab86c3f75416e5e0f3e76cc58
  IMGLYPostcardEditor: ef027aa4619698a90e89a1661c406fa027f02fe7
  IMGLYUI: 845accd19f508200fed840ac6692a9f235945397
  IMGLYVideoEditor: 851105cea60b63ad67601d6018694423644a6a84
  integration_test: 4a889634ef21a45d28d50d622cf412dc6d9f586e
  Kingfisher: ff0d31a1f07bdff6a1ebb3ba08b8e6e567b6500c
  SwiftUIIntrospect: 434b406dc6f5e30744bb6e180f90343f6a8eba8c

PODFILE CHECKSUM: 333aa4f75bcc8ae568c13247f795ffda8a6fa023

COCOAPODS: 1.16.2
